// !$*UTF8*$!
{
	archiveVersion = 1;
	classes = {
	};
	objectVersion = 51;
	objects = {

/* Begin PBXBuildFile section */
		81E9FB7724B70C03009AB99F /* AppDelegate.swift in Sources */ = {isa = PBXBuildFile; fileRef = 81E9FB7624B70C03009AB99F /* AppDelegate.swift */; };
		81E9FB7924B70C03009AB99F /* SceneDelegate.swift in Sources */ = {isa = PBXBuildFile; fileRef = 81E9FB7824B70C03009AB99F /* SceneDelegate.swift */; };
		81E9FB7B24B70C03009AB99F /* ViewController.swift in Sources */ = {isa = PBXBuildFile; fileRef = 81E9FB7A24B70C03009AB99F /* ViewController.swift */; };
		81E9FB7E24B70C03009AB99F /* Main.storyboard in Resources */ = {isa = PBXBuildFile; fileRef = 81E9FB7C24B70C03009AB99F /* Main.storyboard */; };
		81E9FB8024B70C05009AB99F /* Assets.xcassets in Resources */ = {isa = PBXBuildFile; fileRef = 81E9FB7F24B70C05009AB99F /* Assets.xcassets */; };
		81E9FB8324B70C05009AB99F /* LaunchScreen.storyboard in Resources */ = {isa = PBXBuildFile; fileRef = 81E9FB8124B70C05009AB99F /* LaunchScreen.storyboard */; };
		81E9FB8D24B70CB1009AB99F /* EmptySwizzing.swift in Sources */ = {isa = PBXBuildFile; fileRef = 81E9FB8B24B70CB1009AB99F /* EmptySwizzing.swift */; };
		81E9FB8E24B70CB1009AB99F /* EmptyView.swift in Sources */ = {isa = PBXBuildFile; fileRef = 81E9FB8C24B70CB1009AB99F /* EmptyView.swift */; };
		EE8498EE8AE763456E9508CE /* Pods_SwiftEmptyData.framework in Frameworks */ = {isa = PBXBuildFile; fileRef = 1AA704C3D87DDA9F9BDC6EE4 /* Pods_SwiftEmptyData.framework */; };
/* End PBXBuildFile section */

/* Begin PBXFileReference section */
		1AA704C3D87DDA9F9BDC6EE4 /* Pods_SwiftEmptyData.framework */ = {isa = PBXFileReference; explicitFileType = wrapper.framework; includeInIndex = 0; path = Pods_SwiftEmptyData.framework; sourceTree = BUILT_PRODUCTS_DIR; };
		6D27081D819456B3FD0C5243 /* Pods-SwiftEmptyData.release.xcconfig */ = {isa = PBXFileReference; includeInIndex = 1; lastKnownFileType = text.xcconfig; name = "Pods-SwiftEmptyData.release.xcconfig"; path = "Target Support Files/Pods-SwiftEmptyData/Pods-SwiftEmptyData.release.xcconfig"; sourceTree = "<group>"; };
		81E9FB7324B70C03009AB99F /* SwiftEmptyData.app */ = {isa = PBXFileReference; explicitFileType = wrapper.application; includeInIndex = 0; path = SwiftEmptyData.app; sourceTree = BUILT_PRODUCTS_DIR; };
		81E9FB7624B70C03009AB99F /* AppDelegate.swift */ = {isa = PBXFileReference; lastKnownFileType = sourcecode.swift; path = AppDelegate.swift; sourceTree = "<group>"; };
		81E9FB7824B70C03009AB99F /* SceneDelegate.swift */ = {isa = PBXFileReference; lastKnownFileType = sourcecode.swift; path = SceneDelegate.swift; sourceTree = "<group>"; };
		81E9FB7A24B70C03009AB99F /* ViewController.swift */ = {isa = PBXFileReference; lastKnownFileType = sourcecode.swift; path = ViewController.swift; sourceTree = "<group>"; };
		81E9FB7D24B70C03009AB99F /* Base */ = {isa = PBXFileReference; lastKnownFileType = file.storyboard; name = Base; path = Base.lproj/Main.storyboard; sourceTree = "<group>"; };
		81E9FB7F24B70C05009AB99F /* Assets.xcassets */ = {isa = PBXFileReference; lastKnownFileType = folder.assetcatalog; path = Assets.xcassets; sourceTree = "<group>"; };
		81E9FB8224B70C05009AB99F /* Base */ = {isa = PBXFileReference; lastKnownFileType = file.storyboard; name = Base; path = Base.lproj/LaunchScreen.storyboard; sourceTree = "<group>"; };
		81E9FB8424B70C05009AB99F /* Info.plist */ = {isa = PBXFileReference; lastKnownFileType = text.plist.xml; path = Info.plist; sourceTree = "<group>"; };
		81E9FB8B24B70CB1009AB99F /* EmptySwizzing.swift */ = {isa = PBXFileReference; fileEncoding = 4; lastKnownFileType = sourcecode.swift; path = EmptySwizzing.swift; sourceTree = "<group>"; };
		81E9FB8C24B70CB1009AB99F /* EmptyView.swift */ = {isa = PBXFileReference; fileEncoding = 4; lastKnownFileType = sourcecode.swift; path = EmptyView.swift; sourceTree = "<group>"; };
		FB3B5CD9D46BC57237F1D012 /* Pods-SwiftEmptyData.debug.xcconfig */ = {isa = PBXFileReference; includeInIndex = 1; lastKnownFileType = text.xcconfig; name = "Pods-SwiftEmptyData.debug.xcconfig"; path = "Target Support Files/Pods-SwiftEmptyData/Pods-SwiftEmptyData.debug.xcconfig"; sourceTree = "<group>"; };
/* End PBXFileReference section */

/* Begin PBXFrameworksBuildPhase section */
		81E9FB7024B70C03009AB99F /* Frameworks */ = {
			isa = PBXFrameworksBuildPhase;
			buildActionMask = 2147483647;
			files = (
				EE8498EE8AE763456E9508CE /* Pods_SwiftEmptyData.framework in Frameworks */,
			);
			runOnlyForDeploymentPostprocessing = 0;
		};
/* End PBXFrameworksBuildPhase section */

/* Begin PBXGroup section */
		0E82D13E0329EC9E0265DA29 /* Frameworks */ = {
			isa = PBXGroup;
			children = (
				1AA704C3D87DDA9F9BDC6EE4 /* Pods_SwiftEmptyData.framework */,
			);
			name = Frameworks;
			sourceTree = "<group>";
		};
		81E9FB6A24B70C03009AB99F = {
			isa = PBXGroup;
			children = (
				81E9FB7524B70C03009AB99F /* SwiftEmptyData */,
				81E9FB7424B70C03009AB99F /* Products */,
				DF214422965098E809BADFCD /* Pods */,
				0E82D13E0329EC9E0265DA29 /* Frameworks */,
			);
			sourceTree = "<group>";
		};
		81E9FB7424B70C03009AB99F /* Products */ = {
			isa = PBXGroup;
			children = (
				81E9FB7324B70C03009AB99F /* SwiftEmptyData.app */,
			);
			name = Products;
			sourceTree = "<group>";
		};
		81E9FB7524B70C03009AB99F /* SwiftEmptyData */ = {
			isa = PBXGroup;
			children = (
				81E9FB8A24B70C99009AB99F /* Class */,
				81E9FB7624B70C03009AB99F /* AppDelegate.swift */,
				81E9FB7824B70C03009AB99F /* SceneDelegate.swift */,
				81E9FB7A24B70C03009AB99F /* ViewController.swift */,
				81E9FB7C24B70C03009AB99F /* Main.storyboard */,
				81E9FB7F24B70C05009AB99F /* Assets.xcassets */,
				81E9FB8124B70C05009AB99F /* LaunchScreen.storyboard */,
				81E9FB8424B70C05009AB99F /* Info.plist */,
			);
			path = SwiftEmptyData;
			sourceTree = "<group>";
		};
		81E9FB8A24B70C99009AB99F /* Class */ = {
			isa = PBXGroup;
			children = (
				81E9FB8B24B70CB1009AB99F /* EmptySwizzing.swift */,
				81E9FB8C24B70CB1009AB99F /* EmptyView.swift */,
			);
			path = Class;
			sourceTree = "<group>";
		};
		DF214422965098E809BADFCD /* Pods */ = {
			isa = PBXGroup;
			children = (
				FB3B5CD9D46BC57237F1D012 /* Pods-SwiftEmptyData.debug.xcconfig */,
				6D27081D819456B3FD0C5243 /* Pods-SwiftEmptyData.release.xcconfig */,
			);
			path = Pods;
			sourceTree = "<group>";
		};
/* End PBXGroup section */

/* Begin PBXNativeTarget section */
		81E9FB7224B70C03009AB99F /* SwiftEmptyData */ = {
			isa = PBXNativeTarget;
			buildConfigurationList = 81E9FB8724B70C05009AB99F /* Build configuration list for PBXNativeTarget "SwiftEmptyData" */;
			buildPhases = (
				2955B23A405A1659A8F83DFC /* [CP] Check Pods Manifest.lock */,
				81E9FB6F24B70C03009AB99F /* Sources */,
				81E9FB7024B70C03009AB99F /* Frameworks */,
				81E9FB7124B70C03009AB99F /* Resources */,
				276B5EC6A56605F7D70D3C9C /* [CP] Embed Pods Frameworks */,
			);
			buildRules = (
			);
			dependencies = (
			);
			name = SwiftEmptyData;
			productName = SwiftEmptyData;
			productReference = 81E9FB7324B70C03009AB99F /* SwiftEmptyData.app */;
			productType = "com.apple.product-type.application";
		};
/* End PBXNativeTarget section */

/* Begin PBXProject section */
		81E9FB6B24B70C03009AB99F /* Project object */ = {
			isa = PBXProject;
			attributes = {
				LastSwiftUpdateCheck = 1150;
				LastUpgradeCheck = 1150;
				ORGANIZATIONNAME = iOS;
				TargetAttributes = {
					81E9FB7224B70C03009AB99F = {
						CreatedOnToolsVersion = 11.5;
					};
				};
			};
			buildConfigurationList = 81E9FB6E24B70C03009AB99F /* Build configuration list for PBXProject "SwiftEmptyData" */;
			compatibilityVersion = "Xcode 9.3";
			developmentRegion = en;
			hasScannedForEncodings = 0;
			knownRegions = (
				en,
				Base,
			);
			mainGroup = 81E9FB6A24B70C03009AB99F;
			productRefGroup = 81E9FB7424B70C03009AB99F /* Products */;
			projectDirPath = "";
			projectRoot = "";
			targets = (
				81E9FB7224B70C03009AB99F /* SwiftEmptyData */,
			);
		};
/* End PBXProject section */

/* Begin PBXResourcesBuildPhase section */
		81E9FB7124B70C03009AB99F /* Resources */ = {
			isa = PBXResourcesBuildPhase;
			buildActionMask = 2147483647;
			files = (
				81E9FB8324B70C05009AB99F /* LaunchScreen.storyboard in Resources */,
				81E9FB8024B70C05009AB99F /* Assets.xcassets in Resources */,
				81E9FB7E24B70C03009AB99F /* Main.storyboard in Resources */,
			);
			runOnlyForDeploymentPostprocessing = 0;
		};
/* End PBXResourcesBuildPhase section */

/* Begin PBXShellScriptBuildPhase section */
		276B5EC6A56605F7D70D3C9C /* [CP] Embed Pods Frameworks */ = {
			isa = PBXShellScriptBuildPhase;
			buildActionMask = 2147483647;
			files = (
			);
			inputFileListPaths = (
				"${PODS_ROOT}/Target Support Files/Pods-SwiftEmptyData/Pods-SwiftEmptyData-frameworks-${CONFIGURATION}-input-files.xcfilelist",
			);
			name = "[CP] Embed Pods Frameworks";
			outputFileListPaths = (
				"${PODS_ROOT}/Target Support Files/Pods-SwiftEmptyData/Pods-SwiftEmptyData-frameworks-${CONFIGURATION}-output-files.xcfilelist",
			);
			runOnlyForDeploymentPostprocessing = 0;
			shellPath = /bin/sh;
			shellScript = "\"${PODS_ROOT}/Target Support Files/Pods-SwiftEmptyData/Pods-SwiftEmptyData-frameworks.sh\"\n";
			showEnvVarsInLog = 0;
		};
		2955B23A405A1659A8F83DFC /* [CP] Check Pods Manifest.lock */ = {
			isa = PBXShellScriptBuildPhase;
			buildActionMask = 2147483647;
			files = (
			);
			inputFileListPaths = (
			);
			inputPaths = (
				"${PODS_PODFILE_DIR_PATH}/Podfile.lock",
				"${PODS_ROOT}/Manifest.lock",
			);
			name = "[CP] Check Pods Manifest.lock";
			outputFileListPaths = (
			);
			outputPaths = (
				"$(DERIVED_FILE_DIR)/Pods-SwiftEmptyData-checkManifestLockResult.txt",
			);
			runOnlyForDeploymentPostprocessing = 0;
			shellPath = /bin/sh;
			shellScript = "diff \"${PODS_PODFILE_DIR_PATH}/Podfile.lock\" \"${PODS_ROOT}/Manifest.lock\" > /dev/null\nif [ $? != 0 ] ; then\n    # print error to STDERR\n    echo \"error: The sandbox is not in sync with the Podfile.lock. Run 'pod install' or update your CocoaPods installation.\" >&2\n    exit 1\nfi\n# This output is used by Xcode 'outputs' to avoid re-running this script phase.\necho \"SUCCESS\" > \"${SCRIPT_OUTPUT_FILE_0}\"\n";
			showEnvVarsInLog = 0;
		};
/* End PBXShellScriptBuildPhase section */

/* Begin PBXSourcesBuildPhase section */
		81E9FB6F24B70C03009AB99F /* Sources */ = {
			isa = PBXSourcesBuildPhase;
			buildActionMask = 2147483647;
			files = (
				81E9FB7B24B70C03009AB99F /* ViewController.swift in Sources */,
				81E9FB8E24B70CB1009AB99F /* EmptyView.swift in Sources */,
				81E9FB7724B70C03009AB99F /* AppDelegate.swift in Sources */,
				81E9FB8D24B70CB1009AB99F /* EmptySwizzing.swift in Sources */,
				81E9FB7924B70C03009AB99F /* SceneDelegate.swift in Sources */,
			);
			runOnlyForDeploymentPostprocessing = 0;
		};
/* End PBXSourcesBuildPhase section */

/* Begin PBXVariantGroup section */
		81E9FB7C24B70C03009AB99F /* Main.storyboard */ = {
			isa = PBXVariantGroup;
			children = (
				81E9FB7D24B70C03009AB99F /* Base */,
			);
			name = Main.storyboard;
			sourceTree = "<group>";
		};
		81E9FB8124B70C05009AB99F /* LaunchScreen.storyboard */ = {
			isa = PBXVariantGroup;
			children = (
				81E9FB8224B70C05009AB99F /* Base */,
			);
			name = LaunchScreen.storyboard;
			sourceTree = "<group>";
		};
/* End PBXVariantGroup section */

/* Begin XCBuildConfiguration section */
		81E9FB8524B70C05009AB99F /* Debug */ = {
			isa = XCBuildConfiguration;
			buildSettings = {
				ALWAYS_SEARCH_USER_PATHS = NO;
				CLANG_ANALYZER_NONNULL = YES;
				CLANG_ANALYZER_NUMBER_OBJECT_CONVERSION = YES_AGGRESSIVE;
				CLANG_CXX_LANGUAGE_STANDARD = "gnu++14";
				CLANG_CXX_LIBRARY = "libc++";
				CLANG_ENABLE_MODULES = YES;
				CLANG_ENABLE_OBJC_ARC = YES;
				CLANG_ENABLE_OBJC_WEAK = YES;
				CLANG_WARN_BLOCK_CAPTURE_AUTORELEASING = YES;
				CLANG_WARN_BOOL_CONVERSION = YES;
				CLANG_WARN_COMMA = YES;
				CLANG_WARN_CONSTANT_CONVERSION = YES;
				CLANG_WARN_DEPRECATED_OBJC_IMPLEMENTATIONS = YES;
				CLANG_WARN_DIRECT_OBJC_ISA_USAGE = YES_ERROR;
				CLANG_WARN_DOCUMENTATION_COMMENTS = YES;
				CLANG_WARN_EMPTY_BODY = YES;
				CLANG_WARN_ENUM_CONVERSION = YES;
				CLANG_WARN_INFINITE_RECURSION = YES;
				CLANG_WARN_INT_CONVERSION = YES;
				CLANG_WARN_NON_LITERAL_NULL_CONVERSION = YES;
				CLANG_WARN_OBJC_IMPLICIT_RETAIN_SELF = YES;
				CLANG_WARN_OBJC_LITERAL_CONVERSION = YES;
				CLANG_WARN_OBJC_ROOT_CLASS = YES_ERROR;
				CLANG_WARN_RANGE_LOOP_ANALYSIS = YES;
				CLANG_WARN_STRICT_PROTOTYPES = YES;
				CLANG_WARN_SUSPICIOUS_MOVE = YES;
				CLANG_WARN_UNGUARDED_AVAILABILITY = YES_AGGRESSIVE;
				CLANG_WARN_UNREACHABLE_CODE = YES;
				CLANG_WARN__DUPLICATE_METHOD_MATCH = YES;
				COPY_PHASE_STRIP = NO;
				DEBUG_INFORMATION_FORMAT = dwarf;
				ENABLE_STRICT_OBJC_MSGSEND = YES;
				ENABLE_TESTABILITY = YES;
				GCC_C_LANGUAGE_STANDARD = gnu11;
				GCC_DYNAMIC_NO_PIC = NO;
				GCC_NO_COMMON_BLOCKS = YES;
				GCC_OPTIMIZATION_LEVEL = 0;
				GCC_PREPROCESSOR_DEFINITIONS = (
					"DEBUG=1",
					"$(inherited)",
				);
				GCC_WARN_64_TO_32_BIT_CONVERSION = YES;
				GCC_WARN_ABOUT_RETURN_TYPE = YES_ERROR;
				GCC_WARN_UNDECLARED_SELECTOR = YES;
				GCC_WARN_UNINITIALIZED_AUTOS = YES_AGGRESSIVE;
				GCC_WARN_UNUSED_FUNCTION = YES;
				GCC_WARN_UNUSED_VARIABLE = YES;
				IPHONEOS_DEPLOYMENT_TARGET = 13.5;
				MTL_ENABLE_DEBUG_INFO = INCLUDE_SOURCE;
				MTL_FAST_MATH = YES;
				ONLY_ACTIVE_ARCH = YES;
				SDKROOT = iphoneos;
				SWIFT_ACTIVE_COMPILATION_CONDITIONS = DEBUG;
				SWIFT_OPTIMIZATION_LEVEL = "-Onone";
			};
			name = Debug;
		};
		81E9FB8624B70C05009AB99F /* Release */ = {
			isa = XCBuildConfiguration;
			buildSettings = {
				ALWAYS_SEARCH_USER_PATHS = NO;
				CLANG_ANALYZER_NONNULL = YES;
				CLANG_ANALYZER_NUMBER_OBJECT_CONVERSION = YES_AGGRESSIVE;
				CLANG_CXX_LANGUAGE_STANDARD = "gnu++14";
				CLANG_CXX_LIBRARY = "libc++";
				CLANG_ENABLE_MODULES = YES;
				CLANG_ENABLE_OBJC_ARC = YES;
				CLANG_ENABLE_OBJC_WEAK = YES;
				CLANG_WARN_BLOCK_CAPTURE_AUTORELEASING = YES;
				CLANG_WARN_BOOL_CONVERSION = YES;
				CLANG_WARN_COMMA = YES;
				CLANG_WARN_CONSTANT_CONVERSION = YES;
				CLANG_WARN_DEPRECATED_OBJC_IMPLEMENTATIONS = YES;
				CLANG_WARN_DIRECT_OBJC_ISA_USAGE = YES_ERROR;
				CLANG_WARN_DOCUMENTATION_COMMENTS = YES;
				CLANG_WARN_EMPTY_BODY = YES;
				CLANG_WARN_ENUM_CONVERSION = YES;
				CLANG_WARN_INFINITE_RECURSION = YES;
				CLANG_WARN_INT_CONVERSION = YES;
				CLANG_WARN_NON_LITERAL_NULL_CONVERSION = YES;
				CLANG_WARN_OBJC_IMPLICIT_RETAIN_SELF = YES;
				CLANG_WARN_OBJC_LITERAL_CONVERSION = YES;
				CLANG_WARN_OBJC_ROOT_CLASS = YES_ERROR;
				CLANG_WARN_RANGE_LOOP_ANALYSIS = YES;
				CLANG_WARN_STRICT_PROTOTYPES = YES;
				CLANG_WARN_SUSPICIOUS_MOVE = YES;
				CLANG_WARN_UNGUARDED_AVAILABILITY = YES_AGGRESSIVE;
				CLANG_WARN_UNREACHABLE_CODE = YES;
				CLANG_WARN__DUPLICATE_METHOD_MATCH = YES;
				COPY_PHASE_STRIP = NO;
				DEBUG_INFORMATION_FORMAT = "dwarf-with-dsym";
				ENABLE_NS_ASSERTIONS = NO;
				ENABLE_STRICT_OBJC_MSGSEND = YES;
				GCC_C_LANGUAGE_STANDARD = gnu11;
				GCC_NO_COMMON_BLOCKS = YES;
				GCC_WARN_64_TO_32_BIT_CONVERSION = YES;
				GCC_WARN_ABOUT_RETURN_TYPE = YES_ERROR;
				GCC_WARN_UNDECLARED_SELECTOR = YES;
				GCC_WARN_UNINITIALIZED_AUTOS = YES_AGGRESSIVE;
				GCC_WARN_UNUSED_FUNCTION = YES;
				GCC_WARN_UNUSED_VARIABLE = YES;
				IPHONEOS_DEPLOYMENT_TARGET = 13.5;
				MTL_ENABLE_DEBUG_INFO = NO;
				MTL_FAST_MATH = YES;
				SDKROOT = iphoneos;
				SWIFT_COMPILATION_MODE = wholemodule;
				SWIFT_OPTIMIZATION_LEVEL = "-O";
				VALIDATE_PRODUCT = YES;
			};
			name = Release;
		};
		81E9FB8824B70C05009AB99F /* Debug */ = {
			isa = XCBuildConfiguration;
			baseConfigurationReference = FB3B5CD9D46BC57237F1D012 /* Pods-SwiftEmptyData.debug.xcconfig */;
			buildSettings = {
				ASSETCATALOG_COMPILER_APPICON_NAME = AppIcon;
				CODE_SIGN_STYLE = Automatic;
				DEVELOPMENT_TEAM = 99C7RZ9Z4P;
				INFOPLIST_FILE = SwiftEmptyData/Info.plist;
				LD_RUNPATH_SEARCH_PATHS = (
					"$(inherited)",
					"@executable_path/Frameworks",
				);
				PRODUCT_BUNDLE_IDENTIFIER = hu.SwiftEmptyData;
				PRODUCT_NAME = "$(TARGET_NAME)";
				SWIFT_VERSION = 5.0;
				TARGETED_DEVICE_FAMILY = "1,2";
			};
			name = Debug;
		};
		81E9FB8924B70C05009AB99F /* Release */ = {
			isa = XCBuildConfiguration;
			baseConfigurationReference = 6D27081D819456B3FD0C5243 /* Pods-SwiftEmptyData.release.xcconfig */;
			buildSettings = {
				ASSETCATALOG_COMPILER_APPICON_NAME = AppIcon;
				CODE_SIGN_STYLE = Automatic;
				DEVELOPMENT_TEAM = 99C7RZ9Z4P;
				INFOPLIST_FILE = SwiftEmptyData/Info.plist;
				LD_RUNPATH_SEARCH_PATHS = (
					"$(inherited)",
					"@executable_path/Frameworks",
				);
				PRODUCT_BUNDLE_IDENTIFIER = hu.SwiftEmptyData;
				PRODUCT_NAME = "$(TARGET_NAME)";
				SWIFT_VERSION = 5.0;
				TARGETED_DEVICE_FAMILY = "1,2";
			};
			name = Release;
		};
/* End XCBuildConfiguration section */

/* Begin XCConfigurationList section */
		81E9FB6E24B70C03009AB99F /* Build configuration list for PBXProject "SwiftEmptyData" */ = {
			isa = XCConfigurationList;
			buildConfigurations = (
				81E9FB8524B70C05009AB99F /* Debug */,
				81E9FB8624B70C05009AB99F /* Release */,
			);
			defaultConfigurationIsVisible = 0;
			defaultConfigurationName = Release;
		};
		81E9FB8724B70C05009AB99F /* Build configuration list for PBXNativeTarget "SwiftEmptyData" */ = {
			isa = XCConfigurationList;
			buildConfigurations = (
				81E9FB8824B70C05009AB99F /* Debug */,
				81E9FB8924B70C05009AB99F /* Release */,
			);
			defaultConfigurationIsVisible = 0;
			defaultConfigurationName = Release;
		};
/* End XCConfigurationList section */
	};
	rootObject = 81E9FB6B24B70C03009AB99F /* Project object */;
}
